
Microsoft Visual Studio Solution File, Format Version 12.00
# Visual Studio Version 17
VisualStudioVersion = 17.12.35707.178 d17.12
MinimumVisualStudioVersion = 10.0.40219.1
Project("{FAE04EC0-301F-11D3-BF4B-00C04F79EFBC}") = "Budget.API", "Budget.API.csproj", "{E66B76C5-2CF6-4148-8535-F856FD6AF8D1}"
EndProject
Project("{FAE04EC0-301F-11D3-BF4B-00C04F79EFBC}") = "Budget.Application", "..\Budget.Application\Budget.Application.csproj", "{A7BB1D67-48E1-44BD-B1CD-DAF602410600}"
EndProject
Project("{FAE04EC0-301F-11D3-BF4B-00C04F79EFBC}") = "Budget.Contracts", "..\Budget.Contracts\Budget.Contracts.csproj", "{57BC734F-96C0-4082-A3A7-F5293A2415B9}"
EndProject
Global
	GlobalSection(SolutionConfigurationPlatforms) = preSolution
		Debug|Any CPU = Debug|Any CPU
		Release|Any CPU = Release|Any CPU
	EndGlobalSection
	GlobalSection(ProjectConfigurationPlatforms) = postSolution
		{E66B76C5-2CF6-4148-8535-F856FD6AF8D1}.Debug|Any CPU.ActiveCfg = Debug|Any CPU
		{E66B76C5-2CF6-4148-8535-F856FD6AF8D1}.Debug|Any CPU.Build.0 = Debug|Any CPU
		{E66B76C5-2CF6-4148-8535-F856FD6AF8D1}.Release|Any CPU.ActiveCfg = Release|Any CPU
		{E66B76C5-2CF6-4148-8535-F856FD6AF8D1}.Release|Any CPU.Build.0 = Release|Any CPU
		{A7BB1D67-48E1-44BD-B1CD-DAF602410600}.Debug|Any CPU.ActiveCfg = Debug|Any CPU
		{A7BB1D67-48E1-44BD-B1CD-DAF602410600}.Debug|Any CPU.Build.0 = Debug|Any CPU
		{A7BB1D67-48E1-44BD-B1CD-DAF602410600}.Release|Any CPU.ActiveCfg = Release|Any CPU
		{A7BB1D67-48E1-44BD-B1CD-DAF602410600}.Release|Any CPU.Build.0 = Release|Any CPU
		{57BC734F-96C0-4082-A3A7-F5293A2415B9}.Debug|Any CPU.ActiveCfg = Debug|Any CPU
		{57BC734F-96C0-4082-A3A7-F5293A2415B9}.Debug|Any CPU.Build.0 = Debug|Any CPU
		{57BC734F-96C0-4082-A3A7-F5293A2415B9}.Release|Any CPU.ActiveCfg = Release|Any CPU
		{57BC734F-96C0-4082-A3A7-F5293A2415B9}.Release|Any CPU.Build.0 = Release|Any CPU
	EndGlobalSection
	GlobalSection(SolutionProperties) = preSolution
		HideSolutionNode = FALSE
	EndGlobalSection
EndGlobal
